
Microsoft Visual Studio Solution File, Format Version 12.00
# Visual Studio Version 17
VisualStudioVersion = 17.10.35004.147
MinimumVisualStudioVersion = 10.0.40219.1
Project("{FAE04EC0-301F-11D3-BF4B-00C04F79EFBC}") = "VRC-NetCrypt", "VRC-NetCrypt\VRC-NetCrypt.csproj", "{A7B79938-0C9F-47B2-A02B-971185CF7B92}"
EndProject
Global
	GlobalSection(SolutionConfigurationPlatforms) = preSolution
		Debug|Any CPU = Debug|Any CPU
		Release|Any CPU = Release|Any CPU
	EndGlobalSection
	GlobalSection(ProjectConfigurationPlatforms) = postSolution
		{A7B79938-0C9F-47B2-A02B-971185CF7B92}.Debug|Any CPU.ActiveCfg = Debug|Any CPU
		{A7B79938-0C9F-47B2-A02B-971185CF7B92}.Debug|Any CPU.Build.0 = Debug|Any CPU
		{A7B79938-0C9F-47B2-A02B-971185CF7B92}.Release|Any CPU.ActiveCfg = Release|Any CPU
		{A7B79938-0C9F-47B2-A02B-971185CF7B92}.Release|Any CPU.Build.0 = Release|Any CPU
	EndGlobalSection
	GlobalSection(SolutionProperties) = preSolution
		HideSolutionNode = FALSE
	EndGlobalSection
	GlobalSection(ExtensibilityGlobals) = postSolution
		SolutionGuid = {99DD289B-95AD-467E-985A-51E1CB2B3B98}
	EndGlobalSection
EndGlobal
