
Microsoft Visual Studio Solution File, Format Version 12.00
# Visual Studio Version 17
VisualStudioVersion = 17.10.35004.147
MinimumVisualStudioVersion = 10.0.40219.1
Project("{FAE04EC0-301F-11D3-BF4B-00C04F79EFBC}") = "VRC-RPCTags", "VRC-RPCTags\VRC-RPCTags.csproj", "{479EE3D0-F75B-4B14-BD95-2DA803C02CE6}"
EndProject
Global
	GlobalSection(SolutionConfigurationPlatforms) = preSolution
		Debug|Any CPU = Debug|Any CPU
		Release|Any CPU = Release|Any CPU
	EndGlobalSection
	GlobalSection(ProjectConfigurationPlatforms) = postSolution
		{479EE3D0-F75B-4B14-BD95-2DA803C02CE6}.Debug|Any CPU.ActiveCfg = Debug|Any CPU
		{479EE3D0-F75B-4B14-BD95-2DA803C02CE6}.Debug|Any CPU.Build.0 = Debug|Any CPU
		{479EE3D0-F75B-4B14-BD95-2DA803C02CE6}.Release|Any CPU.ActiveCfg = Release|Any CPU
		{479EE3D0-F75B-4B14-BD95-2DA803C02CE6}.Release|Any CPU.Build.0 = Release|Any CPU
	EndGlobalSection
	GlobalSection(SolutionProperties) = preSolution
		HideSolutionNode = FALSE
	EndGlobalSection
	GlobalSection(ExtensibilityGlobals) = postSolution
		SolutionGuid = {4F9498E9-45C7-4035-A71F-5B19070095B6}
	EndGlobalSection
EndGlobal
